// !$*UTF8*$!
{
	archiveVersion = 1;
	classes = {
	};
	objectVersion = 50;
	objects = {

/* Begin PBXBuildFile section */
		424809D8230F328300F44102 /* CalculateVC.swift in Sources */ = {isa = PBXBuildFile; fileRef = 424809D7230F328300F44102 /* CalculateVC.swift */; };
		42480A4A230F7DCE00F44102 /* 1024.png in Resources */ = {isa = PBXBuildFile; fileRef = 42480A49230F7DCE00F44102 /* 1024.png */; };
		429D010C230F0C35000AD515 /* AppDelegate.swift in Sources */ = {isa = PBXBuildFile; fileRef = 429D010B230F0C35000AD515 /* AppDelegate.swift */; };
		429D0111230F0C35000AD515 /* Main.storyboard in Resources */ = {isa = PBXBuildFile; fileRef = 429D010F230F0C35000AD515 /* Main.storyboard */; };
		429D0113230F0C39000AD515 /* Assets.xcassets in Resources */ = {isa = PBXBuildFile; fileRef = 429D0112230F0C39000AD515 /* Assets.xcassets */; };
		429D0116230F0C39000AD515 /* LaunchScreen.storyboard in Resources */ = {isa = PBXBuildFile; fileRef = 429D0114230F0C39000AD515 /* LaunchScreen.storyboard */; };
		429D0120230F2D73000AD515 /* InfoVC.swift in Sources */ = {isa = PBXBuildFile; fileRef = 429D011F230F2D73000AD515 /* InfoVC.swift */; };
/* End PBXBuildFile section */

/* Begin PBXFileReference section */
		424809D7230F328300F44102 /* CalculateVC.swift */ = {isa = PBXFileReference; lastKnownFileType = sourcecode.swift; path = CalculateVC.swift; sourceTree = "<group>"; };
		42480A49230F7DCE00F44102 /* 1024.png */ = {isa = PBXFileReference; lastKnownFileType = image.png; name = 1024.png; path = "Pension Calculator.xcodeproj/1024.png"; sourceTree = SOURCE_ROOT; };
		42480A4B2310344A00F44102 /* Pension Calculator.entitlements */ = {isa = PBXFileReference; lastKnownFileType = text.plist.entitlements; path = "Pension Calculator.entitlements"; sourceTree = "<group>"; };
		429D0108230F0C35000AD515 /* Pension Calculator.app */ = {isa = PBXFileReference; explicitFileType = wrapper.application; includeInIndex = 0; path = "Pension Calculator.app"; sourceTree = BUILT_PRODUCTS_DIR; };
		429D010B230F0C35000AD515 /* AppDelegate.swift */ = {isa = PBXFileReference; lastKnownFileType = sourcecode.swift; path = AppDelegate.swift; sourceTree = "<group>"; };
		429D0110230F0C35000AD515 /* Base */ = {isa = PBXFileReference; lastKnownFileType = file.storyboard; name = Base; path = Base.lproj/Main.storyboard; sourceTree = "<group>"; };
		429D0112230F0C39000AD515 /* Assets.xcassets */ = {isa = PBXFileReference; lastKnownFileType = folder.assetcatalog; path = Assets.xcassets; sourceTree = "<group>"; };
		429D0115230F0C39000AD515 /* Base */ = {isa = PBXFileReference; lastKnownFileType = file.storyboard; name = Base; path = Base.lproj/LaunchScreen.storyboard; sourceTree = "<group>"; };
		429D0117230F0C39000AD515 /* Info.plist */ = {isa = PBXFileReference; lastKnownFileType = text.plist.xml; path = Info.plist; sourceTree = "<group>"; };
		429D011F230F2D73000AD515 /* InfoVC.swift */ = {isa = PBXFileReference; lastKnownFileType = sourcecode.swift; path = InfoVC.swift; sourceTree = "<group>"; };
/* End PBXFileReference section */

/* Begin PBXFrameworksBuildPhase section */
		429D0105230F0C35000AD515 /* Frameworks */ = {
			isa = PBXFrameworksBuildPhase;
			buildActionMask = 2147483647;
			files = (
			);
			runOnlyForDeploymentPostprocessing = 0;
		};
/* End PBXFrameworksBuildPhase section */

/* Begin PBXGroup section */
		429D00FF230F0C35000AD515 = {
			isa = PBXGroup;
			children = (
				429D010A230F0C35000AD515 /* Pension Calculator */,
				429D0109230F0C35000AD515 /* Products */,
			);
			sourceTree = "<group>";
		};
		429D0109230F0C35000AD515 /* Products */ = {
			isa = PBXGroup;
			children = (
				429D0108230F0C35000AD515 /* Pension Calculator.app */,
			);
			name = Products;
			sourceTree = "<group>";
		};
		429D010A230F0C35000AD515 /* Pension Calculator */ = {
			isa = PBXGroup;
			children = (
				42480A4B2310344A00F44102 /* Pension Calculator.entitlements */,
				429D010B230F0C35000AD515 /* AppDelegate.swift */,
				429D011F230F2D73000AD515 /* InfoVC.swift */,
				424809D7230F328300F44102 /* CalculateVC.swift */,
				429D010F230F0C35000AD515 /* Main.storyboard */,
				429D0112230F0C39000AD515 /* Assets.xcassets */,
				42480A49230F7DCE00F44102 /* 1024.png */,
				429D0114230F0C39000AD515 /* LaunchScreen.storyboard */,
				429D0117230F0C39000AD515 /* Info.plist */,
			);
			path = "Pension Calculator";
			sourceTree = "<group>";
		};
/* End PBXGroup section */

/* Begin PBXNativeTarget section */
		429D0107230F0C35000AD515 /* Pension Calculator */ = {
			isa = PBXNativeTarget;
			buildConfigurationList = 429D011A230F0C39000AD515 /* Build configuration list for PBXNativeTarget "Pension Calculator" */;
			buildPhases = (
				429D0104230F0C35000AD515 /* Sources */,
				429D0105230F0C35000AD515 /* Frameworks */,
				429D0106230F0C35000AD515 /* Resources */,
			);
			buildRules = (
			);
			dependencies = (
			);
			name = "Pension Calculator";
			productName = "Pension Calculator";
			productReference = 429D0108230F0C35000AD515 /* Pension Calculator.app */;
			productType = "com.apple.product-type.application";
		};
/* End PBXNativeTarget section */

/* Begin PBXProject section */
		429D0100230F0C35000AD515 /* Project object */ = {
			isa = PBXProject;
			attributes = {
				LastSwiftUpdateCheck = 1020;
				LastUpgradeCheck = 1020;
				ORGANIZATIONNAME = "Arya Tschand";
				TargetAttributes = {
					429D0107230F0C35000AD515 = {
						CreatedOnToolsVersion = 10.2.1;
						SystemCapabilities = {
							com.apple.Push = {
								enabled = 0;
							};
							com.apple.iCloud = {
								enabled = 0;
							};
						};
					};
				};
			};
			buildConfigurationList = 429D0103230F0C35000AD515 /* Build configuration list for PBXProject "Pension Calculator" */;
			compatibilityVersion = "Xcode 9.3";
			developmentRegion = en;
			hasScannedForEncodings = 0;
			knownRegions = (
				en,
				Base,
			);
			mainGroup = 429D00FF230F0C35000AD515;
			productRefGroup = 429D0109230F0C35000AD515 /* Products */;
			projectDirPath = "";
			projectRoot = "";
			targets = (
				429D0107230F0C35000AD515 /* Pension Calculator */,
			);
		};
/* End PBXProject section */

/* Begin PBXResourcesBuildPhase section */
		429D0106230F0C35000AD515 /* Resources */ = {
			isa = PBXResourcesBuildPhase;
			buildActionMask = 2147483647;
			files = (
				429D0116230F0C39000AD515 /* LaunchScreen.storyboard in Resources */,
				429D0113230F0C39000AD515 /* Assets.xcassets in Resources */,
				42480A4A230F7DCE00F44102 /* 1024.png in Resources */,
				429D0111230F0C35000AD515 /* Main.storyboard in Resources */,
			);
			runOnlyForDeploymentPostprocessing = 0;
		};
/* End PBXResourcesBuildPhase section */

/* Begin PBXSourcesBuildPhase section */
		429D0104230F0C35000AD515 /* Sources */ = {
			isa = PBXSourcesBuildPhase;
			buildActionMask = 2147483647;
			files = (
				429D010C230F0C35000AD515 /* AppDelegate.swift in Sources */,
				424809D8230F328300F44102 /* CalculateVC.swift in Sources */,
				429D0120230F2D73000AD515 /* InfoVC.swift in Sources */,
			);
			runOnlyForDeploymentPostprocessing = 0;
		};
/* End PBXSourcesBuildPhase section */

/* Begin PBXVariantGroup section */
		429D010F230F0C35000AD515 /* Main.storyboard */ = {
			isa = PBXVariantGroup;
			children = (
				429D0110230F0C35000AD515 /* Base */,
			);
			name = Main.storyboard;
			sourceTree = "<group>";
		};
		429D0114230F0C39000AD515 /* LaunchScreen.storyboard */ = {
			isa = PBXVariantGroup;
			children = (
				429D0115230F0C39000AD515 /* Base */,
			);
			name = LaunchScreen.storyboard;
			sourceTree = "<group>";
		};
/* End PBXVariantGroup section */

/* Begin XCBuildConfiguration section */
		429D0118230F0C39000AD515 /* Debug */ = {
			isa = XCBuildConfiguration;
			buildSettings = {
				ALWAYS_SEARCH_USER_PATHS = NO;
				CLANG_ANALYZER_NONNULL = YES;
				CLANG_ANALYZER_NUMBER_OBJECT_CONVERSION = YES_AGGRESSIVE;
				CLANG_CXX_LANGUAGE_STANDARD = "gnu++14";
				CLANG_CXX_LIBRARY = "libc++";
				CLANG_ENABLE_MODULES = YES;
				CLANG_ENABLE_OBJC_ARC = YES;
				CLANG_ENABLE_OBJC_WEAK = YES;
				CLANG_WARN_BLOCK_CAPTURE_AUTORELEASING = YES;
				CLANG_WARN_BOOL_CONVERSION = YES;
				CLANG_WARN_COMMA = YES;
				CLANG_WARN_CONSTANT_CONVERSION = YES;
				CLANG_WARN_DEPRECATED_OBJC_IMPLEMENTATIONS = YES;
				CLANG_WARN_DIRECT_OBJC_ISA_USAGE = YES_ERROR;
				CLANG_WARN_DOCUMENTATION_COMMENTS = YES;
				CLANG_WARN_EMPTY_BODY = YES;
				CLANG_WARN_ENUM_CONVERSION = YES;
				CLANG_WARN_INFINITE_RECURSION = YES;
				CLANG_WARN_INT_CONVERSION = YES;
				CLANG_WARN_NON_LITERAL_NULL_CONVERSION = YES;
				CLANG_WARN_OBJC_IMPLICIT_RETAIN_SELF = YES;
				CLANG_WARN_OBJC_LITERAL_CONVERSION = YES;
				CLANG_WARN_OBJC_ROOT_CLASS = YES_ERROR;
				CLANG_WARN_RANGE_LOOP_ANALYSIS = YES;
				CLANG_WARN_STRICT_PROTOTYPES = YES;
				CLANG_WARN_SUSPICIOUS_MOVE = YES;
				CLANG_WARN_UNGUARDED_AVAILABILITY = YES_AGGRESSIVE;
				CLANG_WARN_UNREACHABLE_CODE = YES;
				CLANG_WARN__DUPLICATE_METHOD_MATCH = YES;
				CODE_SIGN_IDENTITY = "iPhone Developer";
				COPY_PHASE_STRIP = NO;
				DEBUG_INFORMATION_FORMAT = dwarf;
				ENABLE_STRICT_OBJC_MSGSEND = YES;
				ENABLE_TESTABILITY = YES;
				GCC_C_LANGUAGE_STANDARD = gnu11;
				GCC_DYNAMIC_NO_PIC = NO;
				GCC_NO_COMMON_BLOCKS = YES;
				GCC_OPTIMIZATION_LEVEL = 0;
				GCC_PREPROCESSOR_DEFINITIONS = (
					"DEBUG=1",
					"$(inherited)",
				);
				GCC_WARN_64_TO_32_BIT_CONVERSION = YES;
				GCC_WARN_ABOUT_RETURN_TYPE = YES_ERROR;
				GCC_WARN_UNDECLARED_SELECTOR = YES;
				GCC_WARN_UNINITIALIZED_AUTOS = YES_AGGRESSIVE;
				GCC_WARN_UNUSED_FUNCTION = YES;
				GCC_WARN_UNUSED_VARIABLE = YES;
				IPHONEOS_DEPLOYMENT_TARGET = 12.2;
				MTL_ENABLE_DEBUG_INFO = INCLUDE_SOURCE;
				MTL_FAST_MATH = YES;
				ONLY_ACTIVE_ARCH = YES;
				SDKROOT = iphoneos;
				SWIFT_ACTIVE_COMPILATION_CONDITIONS = DEBUG;
				SWIFT_OPTIMIZATION_LEVEL = "-Onone";
			};
			name = Debug;
		};
		429D0119230F0C39000AD515 /* Release */ = {
			isa = XCBuildConfiguration;
			buildSettings = {
				ALWAYS_SEARCH_USER_PATHS = NO;
				CLANG_ANALYZER_NONNULL = YES;
				CLANG_ANALYZER_NUMBER_OBJECT_CONVERSION = YES_AGGRESSIVE;
				CLANG_CXX_LANGUAGE_STANDARD = "gnu++14";
				CLANG_CXX_LIBRARY = "libc++";
				CLANG_ENABLE_MODULES = YES;
				CLANG_ENABLE_OBJC_ARC = YES;
				CLANG_ENABLE_OBJC_WEAK = YES;
				CLANG_WARN_BLOCK_CAPTURE_AUTORELEASING = YES;
				CLANG_WARN_BOOL_CONVERSION = YES;
				CLANG_WARN_COMMA = YES;
				CLANG_WARN_CONSTANT_CONVERSION = YES;
				CLANG_WARN_DEPRECATED_OBJC_IMPLEMENTATIONS = YES;
				CLANG_WARN_DIRECT_OBJC_ISA_USAGE = YES_ERROR;
				CLANG_WARN_DOCUMENTATION_COMMENTS = YES;
				CLANG_WARN_EMPTY_BODY = YES;
				CLANG_WARN_ENUM_CONVERSION = YES;
				CLANG_WARN_INFINITE_RECURSION = YES;
				CLANG_WARN_INT_CONVERSION = YES;
				CLANG_WARN_NON_LITERAL_NULL_CONVERSION = YES;
				CLANG_WARN_OBJC_IMPLICIT_RETAIN_SELF = YES;
				CLANG_WARN_OBJC_LITERAL_CONVERSION = YES;
				CLANG_WARN_OBJC_ROOT_CLASS = YES_ERROR;
				CLANG_WARN_RANGE_LOOP_ANALYSIS = YES;
				CLANG_WARN_STRICT_PROTOTYPES = YES;
				CLANG_WARN_SUSPICIOUS_MOVE = YES;
				CLANG_WARN_UNGUARDED_AVAILABILITY = YES_AGGRESSIVE;
				CLANG_WARN_UNREACHABLE_CODE = YES;
				CLANG_WARN__DUPLICATE_METHOD_MATCH = YES;
				CODE_SIGN_IDENTITY = "iPhone Developer";
				COPY_PHASE_STRIP = NO;
				DEBUG_INFORMATION_FORMAT = "dwarf-with-dsym";
				ENABLE_NS_ASSERTIONS = NO;
				ENABLE_STRICT_OBJC_MSGSEND = YES;
				GCC_C_LANGUAGE_STANDARD = gnu11;
				GCC_NO_COMMON_BLOCKS = YES;
				GCC_WARN_64_TO_32_BIT_CONVERSION = YES;
				GCC_WARN_ABOUT_RETURN_TYPE = YES_ERROR;
				GCC_WARN_UNDECLARED_SELECTOR = YES;
				GCC_WARN_UNINITIALIZED_AUTOS = YES_AGGRESSIVE;
				GCC_WARN_UNUSED_FUNCTION = YES;
				GCC_WARN_UNUSED_VARIABLE = YES;
				IPHONEOS_DEPLOYMENT_TARGET = 12.2;
				MTL_ENABLE_DEBUG_INFO = NO;
				MTL_FAST_MATH = YES;
				SDKROOT = iphoneos;
				SWIFT_COMPILATION_MODE = wholemodule;
				SWIFT_OPTIMIZATION_LEVEL = "-O";
				VALIDATE_PRODUCT = YES;
			};
			name = Release;
		};
		429D011B230F0C39000AD515 /* Debug */ = {
			isa = XCBuildConfiguration;
			buildSettings = {
				ASSETCATALOG_COMPILER_APPICON_NAME = AppIcon;
				CODE_SIGN_IDENTITY = "iPhone Developer";
				CODE_SIGN_STYLE = Automatic;
				DEVELOPMENT_TEAM = BMPVP9B9U3;
				INFOPLIST_FILE = "Pension Calculator/Info.plist";
				LD_RUNPATH_SEARCH_PATHS = (
					"$(inherited)",
					"@executable_path/Frameworks",
				);
				PRODUCT_BUNDLE_IDENTIFIER = aryatschand.pension;
				PRODUCT_NAME = "$(TARGET_NAME)";
				PROVISIONING_PROFILE_SPECIFIER = "";
				SWIFT_VERSION = 5.0;
				TARGETED_DEVICE_FAMILY = "1,2";
			};
			name = Debug;
		};
		429D011C230F0C39000AD515 /* Release */ = {
			isa = XCBuildConfiguration;
			buildSettings = {
				ASSETCATALOG_COMPILER_APPICON_NAME = AppIcon;
				CODE_SIGN_IDENTITY = "iPhone Developer";
				CODE_SIGN_STYLE = Automatic;
				DEVELOPMENT_TEAM = BMPVP9B9U3;
				INFOPLIST_FILE = "Pension Calculator/Info.plist";
				LD_RUNPATH_SEARCH_PATHS = (
					"$(inherited)",
					"@executable_path/Frameworks",
				);
				PRODUCT_BUNDLE_IDENTIFIER = aryatschand.pension;
				PRODUCT_NAME = "$(TARGET_NAME)";
				PROVISIONING_PROFILE_SPECIFIER = "";
				SWIFT_VERSION = 5.0;
				TARGETED_DEVICE_FAMILY = "1,2";
			};
			name = Release;
		};
/* End XCBuildConfiguration section */

/* Begin XCConfigurationList section */
		429D0103230F0C35000AD515 /* Build configuration list for PBXProject "Pension Calculator" */ = {
			isa = XCConfigurationList;
			buildConfigurations = (
				429D0118230F0C39000AD515 /* Debug */,
				429D0119230F0C39000AD515 /* Release */,
			);
			defaultConfigurationIsVisible = 0;
			defaultConfigurationName = Release;
		};
		429D011A230F0C39000AD515 /* Build configuration list for PBXNativeTarget "Pension Calculator" */ = {
			isa = XCConfigurationList;
			buildConfigurations = (
				429D011B230F0C39000AD515 /* Debug */,
				429D011C230F0C39000AD515 /* Release */,
			);
			defaultConfigurationIsVisible = 0;
			defaultConfigurationName = Release;
		};
/* End XCConfigurationList section */
	};
	rootObject = 429D0100230F0C35000AD515 /* Project object */;
}
